
Microsoft Visual Studio Solution File, Format Version 12.00
# Visual Studio Version 17
VisualStudioVersion = 17.11.35312.102
MinimumVisualStudioVersion = 10.0.40219.1
Project("{888888A0-9F3D-457C-B088-3A5042F75D52}") = "ArabicVerbGenerator", "ArabicVerbGenerator\ArabicVerbGenerator.pyproj", "{DE957D5B-AF7F-400F-AE0F-D1B1C64DC870}"
EndProject
Global
	GlobalSection(SolutionConfigurationPlatforms) = preSolution
		Debug|Any CPU = Debug|Any CPU
		Release|Any CPU = Release|Any CPU
	EndGlobalSection
	GlobalSection(ProjectConfigurationPlatforms) = postSolution
		{DE957D5B-AF7F-400F-AE0F-D1B1C64DC870}.Debug|Any CPU.ActiveCfg = Debug|Any CPU
		{DE957D5B-AF7F-400F-AE0F-D1B1C64DC870}.Release|Any CPU.ActiveCfg = Release|Any CPU
	EndGlobalSection
	GlobalSection(SolutionProperties) = preSolution
		HideSolutionNode = FALSE
	EndGlobalSection
	GlobalSection(ExtensibilityGlobals) = postSolution
		SolutionGuid = {8FF33DDE-B74A-4CCD-ACFE-811354B691C9}
	EndGlobalSection
EndGlobal
